
Microsoft Visual Studio Solution File, Format Version 12.00
# Visual Studio Version 17
VisualStudioVersion = 17.8.34525.116
MinimumVisualStudioVersion = 10.0.40219.1
Project("{FAE04EC0-301F-11D3-BF4B-00C04F79EFBC}") = "PfeApi", "PfeApi.csproj", "{06EACAC8-1660-497F-9E54-4BEBC58197D6}"
EndProject
Global
	GlobalSection(SolutionConfigurationPlatforms) = preSolution
		Debug|Any CPU = Debug|Any CPU
		Release|Any CPU = Release|Any CPU
	EndGlobalSection
	GlobalSection(ProjectConfigurationPlatforms) = postSolution
		{06EACAC8-1660-497F-9E54-4BEBC58197D6}.Debug|Any CPU.ActiveCfg = Debug|Any CPU
		{06EACAC8-1660-497F-9E54-4BEBC58197D6}.Debug|Any CPU.Build.0 = Debug|Any CPU
		{06EACAC8-1660-497F-9E54-4BEBC58197D6}.Release|Any CPU.ActiveCfg = Release|Any CPU
		{06EACAC8-1660-497F-9E54-4BEBC58197D6}.Release|Any CPU.Build.0 = Release|Any CPU
	EndGlobalSection
	GlobalSection(SolutionProperties) = preSolution
		HideSolutionNode = FALSE
	EndGlobalSection
	GlobalSection(ExtensibilityGlobals) = postSolution
		SolutionGuid = {1371F8A8-DD55-446B-8DCB-F51C4E00982F}
	EndGlobalSection
EndGlobal
